{
    __meta__ = {
        version = "1.0"
    },
    ["linux|x86_64"] = {
        ["asio#f56260b5"] = {
            repo = {
                branch = "master",
                commit = "610ef5dd0fc151a242c01017d591afacc397967c",
                url = "https://gitlab.com/tboox/xmake-repo.git"
            },
            version = "1.36.0"
        }
    }
}