{
    __meta__ = {
        version = "1.0"
    },
    ["linux|x86_64"] = {
        ["asio#f56260b5"] = {
            repo = {
                branch = "master",
                commit = "610ef5dd0fc151a242c01017d591afacc397967c",
                url = "https://gitlab.com/tboox/xmake-repo.git"
            },
            version = "1.36.0"
        },
        ["ca-certificates#f56260b5"] = {
            repo = {
                branch = "master",
                commit = "610ef5dd0fc151a242c01017d591afacc397967c",
                url = "https://gitlab.com/tboox/xmake-repo.git"
            },
            version = "20250131"
        },
        ["cmake >=3.11#f56260b5"] = {
            repo = {
                branch = "master",
                commit = "610ef5dd0fc151a242c01017d591afacc397967c",
                url = "https://gitlab.com/tboox/xmake-repo.git"
            },
            version = "3.31.7"
        },
        ["libffi#0b3b0fcf"] = {
            repo = {
                branch = "master",
                commit = "610ef5dd0fc151a242c01017d591afacc397967c",
                url = "https://gitlab.com/tboox/xmake-repo.git"
            },
            version = "3.5.1"
        },
        ["libpthread-stubs#f56260b5"] = {
            repo = {
                branch = "master",
                commit = "610ef5dd0fc151a242c01017d591afacc397967c",
                url = "https://gitlab.com/tboox/xmake-repo.git"
            },
            version = "0.5"
        },
        ["libx11#f56260b5"] = {
            repo = {
                branch = "master",
                commit = "610ef5dd0fc151a242c01017d591afacc397967c",
                url = "https://gitlab.com/tboox/xmake-repo.git"
            },
            version = "1.8.12"
        },
        ["libxau#f56260b5"] = {
            repo = {
                branch = "master",
                commit = "610ef5dd0fc151a242c01017d591afacc397967c",
                url = "https://gitlab.com/tboox/xmake-repo.git"
            },
            version = "1.0.12"
        },
        ["libxcb#f56260b5"] = {
            repo = {
                branch = "master",
                commit = "610ef5dd0fc151a242c01017d591afacc397967c",
                url = "https://gitlab.com/tboox/xmake-repo.git"
            },
            version = "1.17.0"
        },
        ["libxcursor#f56260b5"] = {
            repo = {
                branch = "master",
                commit = "610ef5dd0fc151a242c01017d591afacc397967c",
                url = "https://gitlab.com/tboox/xmake-repo.git"
            },
            version = "1.2.3"
        },
        ["libxdmcp#f56260b5"] = {
            repo = {
                branch = "master",
                commit = "610ef5dd0fc151a242c01017d591afacc397967c",
                url = "https://gitlab.com/tboox/xmake-repo.git"
            },
            version = "1.1.5"
        },
        ["libxext#f56260b5"] = {
            repo = {
                branch = "master",
                commit = "610ef5dd0fc151a242c01017d591afacc397967c",
                url = "https://gitlab.com/tboox/xmake-repo.git"
            },
            version = "1.3.6"
        },
        ["libxfixes#f56260b5"] = {
            repo = {
                branch = "master",
                commit = "610ef5dd0fc151a242c01017d591afacc397967c",
                url = "https://gitlab.com/tboox/xmake-repo.git"
            },
            version = "6.0.1"
        },
        ["libxi#f56260b5"] = {
            repo = {
                branch = "master",
                commit = "610ef5dd0fc151a242c01017d591afacc397967c",
                url = "https://gitlab.com/tboox/xmake-repo.git"
            },
            version = "1.8.2"
        },
        ["libxinerama#f56260b5"] = {
            repo = {
                branch = "master",
                commit = "610ef5dd0fc151a242c01017d591afacc397967c",
                url = "https://gitlab.com/tboox/xmake-repo.git"
            },
            version = "1.1.5"
        },
        ["libxrandr#f56260b5"] = {
            repo = {
                branch = "master",
                commit = "610ef5dd0fc151a242c01017d591afacc397967c",
                url = "https://gitlab.com/tboox/xmake-repo.git"
            },
            version = "1.5.4"
        },
        ["libxrender#f56260b5"] = {
            repo = {
                branch = "master",
                commit = "610ef5dd0fc151a242c01017d591afacc397967c",
                url = "https://gitlab.com/tboox/xmake-repo.git"
            },
            version = "0.9.12"
        },
        ["ninja#f56260b5"] = {
            repo = {
                branch = "master",
                commit = "610ef5dd0fc151a242c01017d591afacc397967c",
                url = "https://gitlab.com/tboox/xmake-repo.git"
            },
            version = "v1.13.1"
        },
        ["opengl#f56260b5"] = {
            repo = {
                branch = "master",
                commit = "610ef5dd0fc151a242c01017d591afacc397967c",
                url = "https://gitlab.com/tboox/xmake-repo.git"
            },
            version = "4.5"
        },
        ["openssl >=1.1.1-a#f56260b5"] = {
            repo = {
                branch = "master",
                commit = "610ef5dd0fc151a242c01017d591afacc397967c",
                url = "https://gitlab.com/tboox/xmake-repo.git"
            },
            version = "3.5.1"
        },
        ["pkg-config#f56260b5"] = {
            repo = {
                branch = "master",
                commit = "610ef5dd0fc151a242c01017d591afacc397967c",
                url = "https://gitlab.com/tboox/xmake-repo.git"
            },
            version = "0.29.2"
        },
        ["python 3.x#f56260b5"] = {
            repo = {
                branch = "master",
                commit = "610ef5dd0fc151a242c01017d591afacc397967c",
                url = "https://gitlab.com/tboox/xmake-repo.git"
            },
            version = "3.13.2"
        },
        ["raylib#f56260b5"] = {
            repo = {
                branch = "master",
                commit = "610ef5dd0fc151a242c01017d591afacc397967c",
                url = "https://gitlab.com/tboox/xmake-repo.git"
            },
            version = "5.5"
        },
        ["util-macros#f56260b5"] = {
            repo = {
                branch = "master",
                commit = "610ef5dd0fc151a242c01017d591afacc397967c",
                url = "https://gitlab.com/tboox/xmake-repo.git"
            },
            version = "1.20.0"
        },
        ["xcb-proto#f56260b5"] = {
            repo = {
                branch = "master",
                commit = "610ef5dd0fc151a242c01017d591afacc397967c",
                url = "https://gitlab.com/tboox/xmake-repo.git"
            },
            version = "1.17.0"
        },
        ["xorgproto#f56260b5"] = {
            repo = {
                branch = "master",
                commit = "610ef5dd0fc151a242c01017d591afacc397967c",
                url = "https://gitlab.com/tboox/xmake-repo.git"
            },
            version = "2023.2"
        },
        ["xtrans#f56260b5"] = {
            repo = {
                branch = "master",
                commit = "610ef5dd0fc151a242c01017d591afacc397967c",
                url = "https://gitlab.com/tboox/xmake-repo.git"
            },
            version = "1.6.0"
        },
        ["zlib#0b3b0fcf"] = {
            repo = {
                branch = "master",
                commit = "610ef5dd0fc151a242c01017d591afacc397967c",
                url = "https://gitlab.com/tboox/xmake-repo.git"
            },
            version = "1.3.1"
        }
    }
}